# This file is automatically @generated by Cargo.
# It is not intended for manual editing.
version = 4

[[package]]
name = "farben"
version = "0.3.1"
dependencies = [
 "farben-core 0.2.0 (registry+https://github.com/rust-lang/crates.io-index)",
 "farben-macros 0.2.0 (registry+https://github.com/rust-lang/crates.io-index)",
]

[[package]]
name = "farben-core"
version = "0.2.0"

[[package]]
name = "farben-core"
version = "0.2.0"
source = "registry+https://github.com/rust-lang/crates.io-index"
checksum = "ad848802cf534a943d85ff47c3b89ec38dcd1dfd39210f29c5ece7c26c01ba43"

[[package]]
name = "farben-macros"
version = "0.2.0"
dependencies = [
 "farben-core 0.2.0 (registry+https://github.com/rust-lang/crates.io-index)",
 "proc-macro2",
 "quote",
 "syn",
]

[[package]]
name = "farben-macros"
version = "0.2.0"
source = "registry+https://github.com/rust-lang/crates.io-index"
checksum = "60e350afbc524a5c7a22627615d4334b15fc50da2d5f85c4261d80ee78acfc02"
dependencies = [
 "farben-core 0.2.0 (registry+https://github.com/rust-lang/crates.io-index)",
 "proc-macro2",
 "quote",
 "syn",
]

[[package]]
name = "proc-macro2"
version = "1.0.106"
source = "registry+https://github.com/rust-lang/crates.io-index"
checksum = "8fd00f0bb2e90d81d1044c2b32617f68fcb9fa3bb7640c23e9c748e53fb30934"
dependencies = [
 "unicode-ident",
]

[[package]]
name = "quote"
version = "1.0.45"
source = "registry+https://github.com/rust-lang/crates.io-index"
checksum = "41f2619966050689382d2b44f664f4bc593e129785a36d6ee376ddf37259b924"
dependencies = [
 "proc-macro2",
]

[[package]]
name = "syn"
version = "2.0.117"
source = "registry+https://github.com/rust-lang/crates.io-index"
checksum = "e665b8803e7b1d2a727f4023456bbbbe74da67099c585258af0ad9c5013b9b99"
dependencies = [
 "proc-macro2",
 "quote",
 "unicode-ident",
]

[[package]]
name = "unicode-ident"
version = "1.0.24"
source = "registry+https://github.com/rust-lang/crates.io-index"
checksum = "e6e4313cd5fcd3dad5cafa179702e2b244f760991f45397d14d4ebf38247da75"
