# This file is automatically @generated by Cargo.
# It is not intended for manual editing.
version = 4

[[package]]
name = "farben"
version = "0.9.0"
dependencies = [
 "farben-core 0.6.3 (registry+https://github.com/rust-lang/crates.io-index)",
 "farben-macros 0.4.1 (registry+https://github.com/rust-lang/crates.io-index)",
 "farben-md 0.1.2 (registry+https://github.com/rust-lang/crates.io-index)",
]

[[package]]
name = "farben-core"
version = "0.6.3"

[[package]]
name = "farben-core"
version = "0.6.3"
source = "registry+https://github.com/rust-lang/crates.io-index"
checksum = "fa8360acf1bbeabbc2ad5de0b256adb3122a7832c7b003f1a5b6a0997722ce4b"

[[package]]
name = "farben-macros"
version = "0.4.1"
dependencies = [
 "farben-core 0.6.3 (registry+https://github.com/rust-lang/crates.io-index)",
 "farben-md 0.1.2 (registry+https://github.com/rust-lang/crates.io-index)",
 "proc-macro2",
 "quote",
 "syn",
]

[[package]]
name = "farben-macros"
version = "0.4.1"
source = "registry+https://github.com/rust-lang/crates.io-index"
checksum = "c629e56986bc8985b7f3144949aafe777683e6ee0e448b6777d99d4416d68f7f"
dependencies = [
 "farben-core 0.6.3 (registry+https://github.com/rust-lang/crates.io-index)",
 "farben-md 0.1.2 (registry+https://github.com/rust-lang/crates.io-index)",
 "proc-macro2",
 "quote",
 "syn",
]

[[package]]
name = "farben-md"
version = "0.1.2"
dependencies = [
 "farben-core 0.6.3 (registry+https://github.com/rust-lang/crates.io-index)",
]

[[package]]
name = "farben-md"
version = "0.1.2"
source = "registry+https://github.com/rust-lang/crates.io-index"
checksum = "d8e9171e7ce9b85bf55e73ff846889d51fd4593952349dab3ae26d4c6554bea5"
dependencies = [
 "farben-core 0.6.3 (registry+https://github.com/rust-lang/crates.io-index)",
]

[[package]]
name = "proc-macro2"
version = "1.0.106"
source = "registry+https://github.com/rust-lang/crates.io-index"
checksum = "8fd00f0bb2e90d81d1044c2b32617f68fcb9fa3bb7640c23e9c748e53fb30934"
dependencies = [
 "unicode-ident",
]

[[package]]
name = "quote"
version = "1.0.45"
source = "registry+https://github.com/rust-lang/crates.io-index"
checksum = "41f2619966050689382d2b44f664f4bc593e129785a36d6ee376ddf37259b924"
dependencies = [
 "proc-macro2",
]

[[package]]
name = "syn"
version = "2.0.117"
source = "registry+https://github.com/rust-lang/crates.io-index"
checksum = "e665b8803e7b1d2a727f4023456bbbbe74da67099c585258af0ad9c5013b9b99"
dependencies = [
 "proc-macro2",
 "quote",
 "unicode-ident",
]

[[package]]
name = "unicode-ident"
version = "1.0.24"
source = "registry+https://github.com/rust-lang/crates.io-index"
checksum = "e6e4313cd5fcd3dad5cafa179702e2b244f760991f45397d14d4ebf38247da75"
