# This file is automatically @generated by Cargo.
# It is not intended for manual editing.
version = 4

[[package]]
name = "farben"
version = "0.9.1"
dependencies = [
 "farben-core 0.6.4 (registry+https://github.com/rust-lang/crates.io-index)",
 "farben-macros 0.4.2 (registry+https://github.com/rust-lang/crates.io-index)",
 "farben-md 0.1.3 (registry+https://github.com/rust-lang/crates.io-index)",
]

[[package]]
name = "farben-core"
version = "0.6.4"

[[package]]
name = "farben-core"
version = "0.6.4"
source = "registry+https://github.com/rust-lang/crates.io-index"
checksum = "89893e4b814585d0bccfb7e4044aebff591d10c56bfc93b0c2d6a74b2180985a"

[[package]]
name = "farben-macros"
version = "0.4.2"
dependencies = [
 "farben-core 0.6.4 (registry+https://github.com/rust-lang/crates.io-index)",
 "farben-md 0.1.3 (registry+https://github.com/rust-lang/crates.io-index)",
 "proc-macro2",
 "quote",
 "syn",
]

[[package]]
name = "farben-macros"
version = "0.4.2"
source = "registry+https://github.com/rust-lang/crates.io-index"
checksum = "41f1c9c4ec40b463f91db0348bec26608be351144c86b295e7b0207676e8bcf4"
dependencies = [
 "farben-core 0.6.4 (registry+https://github.com/rust-lang/crates.io-index)",
 "farben-md 0.1.3 (registry+https://github.com/rust-lang/crates.io-index)",
 "proc-macro2",
 "quote",
 "syn",
]

[[package]]
name = "farben-md"
version = "0.1.3"
dependencies = [
 "farben-core 0.6.4 (registry+https://github.com/rust-lang/crates.io-index)",
]

[[package]]
name = "farben-md"
version = "0.1.3"
source = "registry+https://github.com/rust-lang/crates.io-index"
checksum = "f07456a4be47050528cda46f0e83105fd2fbaea634aecaa8511c859f748bfad5"
dependencies = [
 "farben-core 0.6.4 (registry+https://github.com/rust-lang/crates.io-index)",
]

[[package]]
name = "proc-macro2"
version = "1.0.106"
source = "registry+https://github.com/rust-lang/crates.io-index"
checksum = "8fd00f0bb2e90d81d1044c2b32617f68fcb9fa3bb7640c23e9c748e53fb30934"
dependencies = [
 "unicode-ident",
]

[[package]]
name = "quote"
version = "1.0.45"
source = "registry+https://github.com/rust-lang/crates.io-index"
checksum = "41f2619966050689382d2b44f664f4bc593e129785a36d6ee376ddf37259b924"
dependencies = [
 "proc-macro2",
]

[[package]]
name = "syn"
version = "2.0.117"
source = "registry+https://github.com/rust-lang/crates.io-index"
checksum = "e665b8803e7b1d2a727f4023456bbbbe74da67099c585258af0ad9c5013b9b99"
dependencies = [
 "proc-macro2",
 "quote",
 "unicode-ident",
]

[[package]]
name = "unicode-ident"
version = "1.0.24"
source = "registry+https://github.com/rust-lang/crates.io-index"
checksum = "e6e4313cd5fcd3dad5cafa179702e2b244f760991f45397d14d4ebf38247da75"
